
Microsoft Visual Studio Solution File, Format Version 12.00
# Visual Studio Version 17
VisualStudioVersion = 17.14.37111.16
MinimumVisualStudioVersion = 10.0.40219.1
Project("{FAE04EC0-301F-11D3-BF4B-00C04F79EFBC}") = "EduCore.API", "EduCore.API.csproj", "{4E4799FF-BBF0-451B-8ED6-7B508458DA85}"
EndProject
Global
	GlobalSection(SolutionConfigurationPlatforms) = preSolution
		Debug|Any CPU = Debug|Any CPU
		Release|Any CPU = Release|Any CPU
	EndGlobalSection
	GlobalSection(ProjectConfigurationPlatforms) = postSolution
		{4E4799FF-BBF0-451B-8ED6-7B508458DA85}.Debug|Any CPU.ActiveCfg = Debug|Any CPU
		{4E4799FF-BBF0-451B-8ED6-7B508458DA85}.Debug|Any CPU.Build.0 = Debug|Any CPU
		{4E4799FF-BBF0-451B-8ED6-7B508458DA85}.Release|Any CPU.ActiveCfg = Release|Any CPU
		{4E4799FF-BBF0-451B-8ED6-7B508458DA85}.Release|Any CPU.Build.0 = Release|Any CPU
	EndGlobalSection
	GlobalSection(SolutionProperties) = preSolution
		HideSolutionNode = FALSE
	EndGlobalSection
	GlobalSection(ExtensibilityGlobals) = postSolution
		SolutionGuid = {D246043B-7FF8-4598-8050-5A9F084C258A}
	EndGlobalSection
EndGlobal
